
Microsoft Visual Studio Solution File, Format Version 12.00
# Visual Studio Version 17
VisualStudioVersion = 17.7.34202.233
MinimumVisualStudioVersion = 10.0.40219.1
Project("{FAE04EC0-301F-11D3-BF4B-00C04F79EFBC}") = "ConsoleApp3", "ConsoleApp3\ConsoleApp3.csproj", "{7829C8CD-D43A-4B3B-B179-5F3DD251D617}"
EndProject
Global
	GlobalSection(SolutionConfigurationPlatforms) = preSolution
		Debug|Any CPU = Debug|Any CPU
		Release|Any CPU = Release|Any CPU
	EndGlobalSection
	GlobalSection(ProjectConfigurationPlatforms) = postSolution
		{7829C8CD-D43A-4B3B-B179-5F3DD251D617}.Debug|Any CPU.ActiveCfg = Debug|Any CPU
		{7829C8CD-D43A-4B3B-B179-5F3DD251D617}.Debug|Any CPU.Build.0 = Debug|Any CPU
		{7829C8CD-D43A-4B3B-B179-5F3DD251D617}.Release|Any CPU.ActiveCfg = Release|Any CPU
		{7829C8CD-D43A-4B3B-B179-5F3DD251D617}.Release|Any CPU.Build.0 = Release|Any CPU
	EndGlobalSection
	GlobalSection(SolutionProperties) = preSolution
		HideSolutionNode = FALSE
	EndGlobalSection
	GlobalSection(ExtensibilityGlobals) = postSolution
		SolutionGuid = {24EEDE30-3100-4645-BFAF-3EFE1E890350}
	EndGlobalSection
EndGlobal
